
Microsoft Visual Studio Solution File, Format Version 12.00
# Visual Studio Version 17
VisualStudioVersion = 17.14.36623.8
MinimumVisualStudioVersion = 10.0.40219.1
Project("{FAE04EC0-301F-11D3-BF4B-00C04F79EFBC}") = "boxMos_NEXSCI", "boxMos_NEXSCI.csproj", "{3D5B5D3A-57C4-4B2E-9CEC-C270CFE34D65}"
EndProject
Global
	GlobalSection(SolutionConfigurationPlatforms) = preSolution
		Debug|Any CPU = Debug|Any CPU
		Release|Any CPU = Release|Any CPU
	EndGlobalSection
	GlobalSection(ProjectConfigurationPlatforms) = postSolution
		{3D5B5D3A-57C4-4B2E-9CEC-C270CFE34D65}.Debug|Any CPU.ActiveCfg = Debug|Any CPU
		{3D5B5D3A-57C4-4B2E-9CEC-C270CFE34D65}.Debug|Any CPU.Build.0 = Debug|Any CPU
		{3D5B5D3A-57C4-4B2E-9CEC-C270CFE34D65}.Release|Any CPU.ActiveCfg = Release|Any CPU
		{3D5B5D3A-57C4-4B2E-9CEC-C270CFE34D65}.Release|Any CPU.Build.0 = Release|Any CPU
	EndGlobalSection
	GlobalSection(SolutionProperties) = preSolution
		HideSolutionNode = FALSE
	EndGlobalSection
	GlobalSection(ExtensibilityGlobals) = postSolution
		SolutionGuid = {FF6EF6A5-FF82-4C02-9929-E50663530082}
	EndGlobalSection
EndGlobal
