
Microsoft Visual Studio Solution File, Format Version 12.00
# Visual Studio Version 17
VisualStudioVersion = 17.14.36623.8
MinimumVisualStudioVersion = 10.0.40219.1
Project("{FAE04EC0-301F-11D3-BF4B-00C04F79EFBC}") = "boxMos_NEXSCI", "boxMos_NEXSCI.csproj", "{40FC2C75-EF8F-4232-8B19-5B6A4CECD680}"
EndProject
Global
	GlobalSection(SolutionConfigurationPlatforms) = preSolution
		Debug|Any CPU = Debug|Any CPU
		Release|Any CPU = Release|Any CPU
	EndGlobalSection
	GlobalSection(ProjectConfigurationPlatforms) = postSolution
		{40FC2C75-EF8F-4232-8B19-5B6A4CECD680}.Debug|Any CPU.ActiveCfg = Debug|Any CPU
		{40FC2C75-EF8F-4232-8B19-5B6A4CECD680}.Debug|Any CPU.Build.0 = Debug|Any CPU
		{40FC2C75-EF8F-4232-8B19-5B6A4CECD680}.Release|Any CPU.ActiveCfg = Release|Any CPU
		{40FC2C75-EF8F-4232-8B19-5B6A4CECD680}.Release|Any CPU.Build.0 = Release|Any CPU
	EndGlobalSection
	GlobalSection(SolutionProperties) = preSolution
		HideSolutionNode = FALSE
	EndGlobalSection
	GlobalSection(ExtensibilityGlobals) = postSolution
		SolutionGuid = {540E5178-F563-44DD-BB02-F1119219E260}
	EndGlobalSection
EndGlobal
